
Microsoft Visual Studio Solution File, Format Version 11.00
# Visual Studio 2010
Project("{FAE04EC0-301F-11D3-BF4B-00C04F79EFBC}") = "SteamVR", "SteamVR.csproj", "{23a75164-7761-b5fe-062b-bae7bcb08550}"
EndProject
Project("{FAE04EC0-301F-11D3-BF4B-00C04F79EFBC}") = "Assembly-CSharp", "Assembly-CSharp.csproj", "{e64b18d9-fdd9-f418-cef8-6bcf07d0678c}"
EndProject
Project("{FAE04EC0-301F-11D3-BF4B-00C04F79EFBC}") = "Assembly-CSharp-firstpass", "Assembly-CSharp-firstpass.csproj", "{556c88e5-4c09-7e75-fa9a-876fb32fa2f9}"
EndProject
Project("{FAE04EC0-301F-11D3-BF4B-00C04F79EFBC}") = "SteamVR_Actions", "SteamVR_Actions.csproj", "{c2f1644f-9cb5-528d-585f-e3716a324697}"
EndProject
Project("{FAE04EC0-301F-11D3-BF4B-00C04F79EFBC}") = "Assembly-CSharp-Editor", "Assembly-CSharp-Editor.csproj", "{9e95d743-27fa-c214-7a37-73f7cdc113c9}"
EndProject
Project("{FAE04EC0-301F-11D3-BF4B-00C04F79EFBC}") = "SteamVR_Input_Editor", "SteamVR_Input_Editor.csproj", "{09ff29ce-2de2-f5b1-11e7-67e4f357ea1e}"
EndProject
Project("{FAE04EC0-301F-11D3-BF4B-00C04F79EFBC}") = "Assembly-CSharp-Editor-firstpass", "Assembly-CSharp-Editor-firstpass.csproj", "{069ba566-a62e-88f9-f140-addb7d5c9c5b}"
EndProject
Project("{FAE04EC0-301F-11D3-BF4B-00C04F79EFBC}") = "JetBrains.Frontend.2020.2", "JetBrains.Frontend.2020.2.csproj", "{9926e143-7b27-85f3-fd74-815b142fe70d}"
EndProject
Project("{FAE04EC0-301F-11D3-BF4B-00C04F79EFBC}") = "SteamVR_Editor", "SteamVR_Editor.csproj", "{f3dae3dd-5ed7-d631-f244-608d1c6e6774}"
EndProject
Project("{FAE04EC0-301F-11D3-BF4B-00C04F79EFBC}") = "SteamVR_Windows_EditorHelper", "SteamVR_Windows_EditorHelper.csproj", "{3a06d331-62b8-90c3-afe5-f335f145be82}"
EndProject
Global
	GlobalSection(SolutionConfigurationPlatforms) = preSolution
		Debug|Any CPU = Debug|Any CPU
	EndGlobalSection
	GlobalSection(ProjectConfigurationPlatforms) = postSolution
		{23a75164-7761-b5fe-062b-bae7bcb08550}.Debug|Any CPU.ActiveCfg = Debug|Any CPU
		{23a75164-7761-b5fe-062b-bae7bcb08550}.Debug|Any CPU.Build.0 = Debug|Any CPU
		{e64b18d9-fdd9-f418-cef8-6bcf07d0678c}.Debug|Any CPU.ActiveCfg = Debug|Any CPU
		{e64b18d9-fdd9-f418-cef8-6bcf07d0678c}.Debug|Any CPU.Build.0 = Debug|Any CPU
		{556c88e5-4c09-7e75-fa9a-876fb32fa2f9}.Debug|Any CPU.ActiveCfg = Debug|Any CPU
		{556c88e5-4c09-7e75-fa9a-876fb32fa2f9}.Debug|Any CPU.Build.0 = Debug|Any CPU
		{c2f1644f-9cb5-528d-585f-e3716a324697}.Debug|Any CPU.ActiveCfg = Debug|Any CPU
		{c2f1644f-9cb5-528d-585f-e3716a324697}.Debug|Any CPU.Build.0 = Debug|Any CPU
		{9e95d743-27fa-c214-7a37-73f7cdc113c9}.Debug|Any CPU.ActiveCfg = Debug|Any CPU
		{9e95d743-27fa-c214-7a37-73f7cdc113c9}.Debug|Any CPU.Build.0 = Debug|Any CPU
		{09ff29ce-2de2-f5b1-11e7-67e4f357ea1e}.Debug|Any CPU.ActiveCfg = Debug|Any CPU
		{09ff29ce-2de2-f5b1-11e7-67e4f357ea1e}.Debug|Any CPU.Build.0 = Debug|Any CPU
		{069ba566-a62e-88f9-f140-addb7d5c9c5b}.Debug|Any CPU.ActiveCfg = Debug|Any CPU
		{069ba566-a62e-88f9-f140-addb7d5c9c5b}.Debug|Any CPU.Build.0 = Debug|Any CPU
		{9926e143-7b27-85f3-fd74-815b142fe70d}.Debug|Any CPU.ActiveCfg = Debug|Any CPU
		{9926e143-7b27-85f3-fd74-815b142fe70d}.Debug|Any CPU.Build.0 = Debug|Any CPU
		{f3dae3dd-5ed7-d631-f244-608d1c6e6774}.Debug|Any CPU.ActiveCfg = Debug|Any CPU
		{f3dae3dd-5ed7-d631-f244-608d1c6e6774}.Debug|Any CPU.Build.0 = Debug|Any CPU
		{3a06d331-62b8-90c3-afe5-f335f145be82}.Debug|Any CPU.ActiveCfg = Debug|Any CPU
		{3a06d331-62b8-90c3-afe5-f335f145be82}.Debug|Any CPU.Build.0 = Debug|Any CPU
	EndGlobalSection
	GlobalSection(SolutionProperties) = preSolution
		HideSolutionNode = FALSE
	EndGlobalSection
EndGlobal
