
Microsoft Visual Studio Solution File, Format Version 11.00
# Visual Studio 2010
Project("{FAE04EC0-301F-11D3-BF4B-00C04F79EFBC}") = "Assembly-CSharp", "Assembly-CSharp.csproj", "{e64b18d9-fdd9-f418-cef8-6bcf07d0678c}"
EndProject
Project("{FAE04EC0-301F-11D3-BF4B-00C04F79EFBC}") = "RoslynCSharp", "RoslynCSharp.csproj", "{17a79fdb-576d-6b5e-e272-7215550e5a0d}"
EndProject
Project("{FAE04EC0-301F-11D3-BF4B-00C04F79EFBC}") = "RoslynCSharp.Examples", "RoslynCSharp.Examples.csproj", "{53ab55bd-8901-6e87-e47d-318cc1888ccd}"
EndProject
Project("{FAE04EC0-301F-11D3-BF4B-00C04F79EFBC}") = "Assembly-CSharp-Editor", "Assembly-CSharp-Editor.csproj", "{9e95d743-27fa-c214-7a37-73f7cdc113c9}"
EndProject
Global
	GlobalSection(SolutionConfigurationPlatforms) = preSolution
		Debug|Any CPU = Debug|Any CPU
	EndGlobalSection
	GlobalSection(ProjectConfigurationPlatforms) = postSolution
		{e64b18d9-fdd9-f418-cef8-6bcf07d0678c}.Debug|Any CPU.ActiveCfg = Debug|Any CPU
		{e64b18d9-fdd9-f418-cef8-6bcf07d0678c}.Debug|Any CPU.Build.0 = Debug|Any CPU
		{17a79fdb-576d-6b5e-e272-7215550e5a0d}.Debug|Any CPU.ActiveCfg = Debug|Any CPU
		{17a79fdb-576d-6b5e-e272-7215550e5a0d}.Debug|Any CPU.Build.0 = Debug|Any CPU
		{53ab55bd-8901-6e87-e47d-318cc1888ccd}.Debug|Any CPU.ActiveCfg = Debug|Any CPU
		{53ab55bd-8901-6e87-e47d-318cc1888ccd}.Debug|Any CPU.Build.0 = Debug|Any CPU
		{9e95d743-27fa-c214-7a37-73f7cdc113c9}.Debug|Any CPU.ActiveCfg = Debug|Any CPU
		{9e95d743-27fa-c214-7a37-73f7cdc113c9}.Debug|Any CPU.Build.0 = Debug|Any CPU
	EndGlobalSection
	GlobalSection(SolutionProperties) = preSolution
		HideSolutionNode = FALSE
	EndGlobalSection
EndGlobal
