
Microsoft Visual Studio Solution File, Format Version 11.00
# Visual Studio 2010
Project("{FAE04EC0-301F-11D3-BF4B-00C04F79EFBC}") = "Assembly-CSharp", "Assembly-CSharp.csproj", "{4aedaa41-05b8-929b-8a9f-fb358356eda4}"
EndProject
Project("{FAE04EC0-301F-11D3-BF4B-00C04F79EFBC}") = "RoslynCSharp", "RoslynCSharp.csproj", "{8f6dce06-ce72-e461-44bd-d4c4ee662ba8}"
EndProject
Project("{FAE04EC0-301F-11D3-BF4B-00C04F79EFBC}") = "RoslynCSharp.Examples", "RoslynCSharp.Examples.csproj", "{46605e84-4583-f251-9339-69702e41687f}"
EndProject
Project("{FAE04EC0-301F-11D3-BF4B-00C04F79EFBC}") = "Assembly-CSharp-Editor", "Assembly-CSharp-Editor.csproj", "{7ad7ffea-0aaf-4625-6c2b-f3b1065e86d2}"
EndProject
Global
	GlobalSection(SolutionConfigurationPlatforms) = preSolution
		Debug|Any CPU = Debug|Any CPU
	EndGlobalSection
	GlobalSection(ProjectConfigurationPlatforms) = postSolution
		{4aedaa41-05b8-929b-8a9f-fb358356eda4}.Debug|Any CPU.ActiveCfg = Debug|Any CPU
		{4aedaa41-05b8-929b-8a9f-fb358356eda4}.Debug|Any CPU.Build.0 = Debug|Any CPU
		{8f6dce06-ce72-e461-44bd-d4c4ee662ba8}.Debug|Any CPU.ActiveCfg = Debug|Any CPU
		{8f6dce06-ce72-e461-44bd-d4c4ee662ba8}.Debug|Any CPU.Build.0 = Debug|Any CPU
		{46605e84-4583-f251-9339-69702e41687f}.Debug|Any CPU.ActiveCfg = Debug|Any CPU
		{46605e84-4583-f251-9339-69702e41687f}.Debug|Any CPU.Build.0 = Debug|Any CPU
		{7ad7ffea-0aaf-4625-6c2b-f3b1065e86d2}.Debug|Any CPU.ActiveCfg = Debug|Any CPU
		{7ad7ffea-0aaf-4625-6c2b-f3b1065e86d2}.Debug|Any CPU.Build.0 = Debug|Any CPU
	EndGlobalSection
	GlobalSection(SolutionProperties) = preSolution
		HideSolutionNode = FALSE
	EndGlobalSection
EndGlobal
