
Microsoft Visual Studio Solution File, Format Version 11.00
# Visual Studio 2010
Project("{FAE04EC0-301F-11D3-BF4B-00C04F79EFBC}") = "Assembly-CSharp", "Assembly-CSharp.csproj", "{40893F95-A33D-2AA6-5F36-2FAFEB6859A5}"
EndProject
Project("{FAE04EC0-301F-11D3-BF4B-00C04F79EFBC}") = "RoslynCSharp", "RoslynCSharp.csproj", "{62605E51-50EA-BBDC-6D83-860D1094A728}"
EndProject
Project("{FAE04EC0-301F-11D3-BF4B-00C04F79EFBC}") = "RoslynCSharp.Examples", "RoslynCSharp.Examples.csproj", "{054B1FAB-05DB-EFF5-4413-A14CA7067C5F}"
EndProject
Project("{FAE04EC0-301F-11D3-BF4B-00C04F79EFBC}") = "Assembly-CSharp-Editor", "Assembly-CSharp-Editor.csproj", "{61D892D4-44CC-0FA5-9E99-C5CBC1B79F73}"
EndProject
Project("{FAE04EC0-301F-11D3-BF4B-00C04F79EFBC}") = "Assembly-CSharp.Player", "Assembly-CSharp.Player.csproj", "{968F5B80-1252-E802-3B83-99B21E3C35E2}"
EndProject
Project("{FAE04EC0-301F-11D3-BF4B-00C04F79EFBC}") = "RoslynCSharp.Player", "RoslynCSharp.Player.csproj", "{234D3966-0F92-AADC-BB13-021E3DF1AF85}"
EndProject
Project("{FAE04EC0-301F-11D3-BF4B-00C04F79EFBC}") = "RoslynCSharp.Examples.Player", "RoslynCSharp.Examples.Player.csproj", "{ED8320FE-1625-9EA9-7E86-88F65A95D3C5}"
EndProject
Global
	GlobalSection(SolutionConfigurationPlatforms) = preSolution
		Debug|Any CPU = Debug|Any CPU
		Release|Any CPU = Release|Any CPU
	EndGlobalSection
	GlobalSection(ProjectConfigurationPlatforms) = postSolution
		{40893F95-A33D-2AA6-5F36-2FAFEB6859A5}.Debug|Any CPU.ActiveCfg = Debug|Any CPU
		{40893F95-A33D-2AA6-5F36-2FAFEB6859A5}.Debug|Any CPU.Build.0 = Debug|Any CPU
		{40893F95-A33D-2AA6-5F36-2FAFEB6859A5}.Release|Any CPU.ActiveCfg = Release|Any CPU
		{40893F95-A33D-2AA6-5F36-2FAFEB6859A5}.Release|Any CPU.Build.0 = Release|Any CPU
		{62605E51-50EA-BBDC-6D83-860D1094A728}.Debug|Any CPU.ActiveCfg = Debug|Any CPU
		{62605E51-50EA-BBDC-6D83-860D1094A728}.Debug|Any CPU.Build.0 = Debug|Any CPU
		{62605E51-50EA-BBDC-6D83-860D1094A728}.Release|Any CPU.ActiveCfg = Release|Any CPU
		{62605E51-50EA-BBDC-6D83-860D1094A728}.Release|Any CPU.Build.0 = Release|Any CPU
		{054B1FAB-05DB-EFF5-4413-A14CA7067C5F}.Debug|Any CPU.ActiveCfg = Debug|Any CPU
		{054B1FAB-05DB-EFF5-4413-A14CA7067C5F}.Debug|Any CPU.Build.0 = Debug|Any CPU
		{054B1FAB-05DB-EFF5-4413-A14CA7067C5F}.Release|Any CPU.ActiveCfg = Release|Any CPU
		{054B1FAB-05DB-EFF5-4413-A14CA7067C5F}.Release|Any CPU.Build.0 = Release|Any CPU
		{61D892D4-44CC-0FA5-9E99-C5CBC1B79F73}.Debug|Any CPU.ActiveCfg = Debug|Any CPU
		{61D892D4-44CC-0FA5-9E99-C5CBC1B79F73}.Debug|Any CPU.Build.0 = Debug|Any CPU
		{61D892D4-44CC-0FA5-9E99-C5CBC1B79F73}.Release|Any CPU.ActiveCfg = Release|Any CPU
		{61D892D4-44CC-0FA5-9E99-C5CBC1B79F73}.Release|Any CPU.Build.0 = Release|Any CPU
		{968F5B80-1252-E802-3B83-99B21E3C35E2}.Debug|Any CPU.ActiveCfg = Debug|Any CPU
		{968F5B80-1252-E802-3B83-99B21E3C35E2}.Debug|Any CPU.Build.0 = Debug|Any CPU
		{968F5B80-1252-E802-3B83-99B21E3C35E2}.Release|Any CPU.ActiveCfg = Release|Any CPU
		{968F5B80-1252-E802-3B83-99B21E3C35E2}.Release|Any CPU.Build.0 = Release|Any CPU
		{234D3966-0F92-AADC-BB13-021E3DF1AF85}.Debug|Any CPU.ActiveCfg = Debug|Any CPU
		{234D3966-0F92-AADC-BB13-021E3DF1AF85}.Debug|Any CPU.Build.0 = Debug|Any CPU
		{234D3966-0F92-AADC-BB13-021E3DF1AF85}.Release|Any CPU.ActiveCfg = Release|Any CPU
		{234D3966-0F92-AADC-BB13-021E3DF1AF85}.Release|Any CPU.Build.0 = Release|Any CPU
		{ED8320FE-1625-9EA9-7E86-88F65A95D3C5}.Debug|Any CPU.ActiveCfg = Debug|Any CPU
		{ED8320FE-1625-9EA9-7E86-88F65A95D3C5}.Debug|Any CPU.Build.0 = Debug|Any CPU
		{ED8320FE-1625-9EA9-7E86-88F65A95D3C5}.Release|Any CPU.ActiveCfg = Release|Any CPU
		{ED8320FE-1625-9EA9-7E86-88F65A95D3C5}.Release|Any CPU.Build.0 = Release|Any CPU
	EndGlobalSection
	GlobalSection(SolutionProperties) = preSolution
		HideSolutionNode = FALSE
	EndGlobalSection
EndGlobal
