
Microsoft Visual Studio Solution File, Format Version 11.00
# Visual Studio 2010
Project("{FAE04EC0-301F-11D3-BF4B-00C04F79EFBC}") = "Assembly-CSharp", "Assembly-CSharp.csproj", "{e01192c0-17d7-690c-5561-04835cc45885}"
EndProject
Project("{FAE04EC0-301F-11D3-BF4B-00C04F79EFBC}") = "SteamVR", "SteamVR.csproj", "{fd401483-b580-1204-e7d9-b9f2eb39984e}"
EndProject
Project("{FAE04EC0-301F-11D3-BF4B-00C04F79EFBC}") = "Assembly-CSharp-firstpass", "Assembly-CSharp-firstpass.csproj", "{f845d690-e583-401f-a0d5-730d4d66a9c8}"
EndProject
Project("{FAE04EC0-301F-11D3-BF4B-00C04F79EFBC}") = "SteamVR_Actions", "SteamVR_Actions.csproj", "{2b4d2fc6-9f1f-d98f-779f-ac29c8d7128f}"
EndProject
Project("{FAE04EC0-301F-11D3-BF4B-00C04F79EFBC}") = "Assembly-CSharp-Editor-firstpass", "Assembly-CSharp-Editor-firstpass.csproj", "{17f19e72-efa8-f178-11b9-872ebfd8e837}"
EndProject
Project("{FAE04EC0-301F-11D3-BF4B-00C04F79EFBC}") = "Assembly-CSharp-Editor", "Assembly-CSharp-Editor.csproj", "{5cc3ea8a-ca64-21f5-7fd2-3b783b2fea20}"
EndProject
Project("{FAE04EC0-301F-11D3-BF4B-00C04F79EFBC}") = "SteamVR_Editor", "SteamVR_Editor.csproj", "{5b5f8808-46ce-2415-bd0c-39b339dddb5f}"
EndProject
Project("{FAE04EC0-301F-11D3-BF4B-00C04F79EFBC}") = "SteamVR_Input_Editor", "SteamVR_Input_Editor.csproj", "{8c788da5-617c-6d30-3366-043831e3b179}"
EndProject
Project("{FAE04EC0-301F-11D3-BF4B-00C04F79EFBC}") = "SteamVR_Windows_EditorHelper", "SteamVR_Windows_EditorHelper.csproj", "{04e70adb-8e28-c153-cdbc-25587fd08494}"
EndProject
Global
	GlobalSection(SolutionConfigurationPlatforms) = preSolution
		Debug|Any CPU = Debug|Any CPU
	EndGlobalSection
	GlobalSection(ProjectConfigurationPlatforms) = postSolution
		{e01192c0-17d7-690c-5561-04835cc45885}.Debug|Any CPU.ActiveCfg = Debug|Any CPU
		{e01192c0-17d7-690c-5561-04835cc45885}.Debug|Any CPU.Build.0 = Debug|Any CPU
		{fd401483-b580-1204-e7d9-b9f2eb39984e}.Debug|Any CPU.ActiveCfg = Debug|Any CPU
		{fd401483-b580-1204-e7d9-b9f2eb39984e}.Debug|Any CPU.Build.0 = Debug|Any CPU
		{f845d690-e583-401f-a0d5-730d4d66a9c8}.Debug|Any CPU.ActiveCfg = Debug|Any CPU
		{f845d690-e583-401f-a0d5-730d4d66a9c8}.Debug|Any CPU.Build.0 = Debug|Any CPU
		{2b4d2fc6-9f1f-d98f-779f-ac29c8d7128f}.Debug|Any CPU.ActiveCfg = Debug|Any CPU
		{2b4d2fc6-9f1f-d98f-779f-ac29c8d7128f}.Debug|Any CPU.Build.0 = Debug|Any CPU
		{17f19e72-efa8-f178-11b9-872ebfd8e837}.Debug|Any CPU.ActiveCfg = Debug|Any CPU
		{17f19e72-efa8-f178-11b9-872ebfd8e837}.Debug|Any CPU.Build.0 = Debug|Any CPU
		{5cc3ea8a-ca64-21f5-7fd2-3b783b2fea20}.Debug|Any CPU.ActiveCfg = Debug|Any CPU
		{5cc3ea8a-ca64-21f5-7fd2-3b783b2fea20}.Debug|Any CPU.Build.0 = Debug|Any CPU
		{5b5f8808-46ce-2415-bd0c-39b339dddb5f}.Debug|Any CPU.ActiveCfg = Debug|Any CPU
		{5b5f8808-46ce-2415-bd0c-39b339dddb5f}.Debug|Any CPU.Build.0 = Debug|Any CPU
		{8c788da5-617c-6d30-3366-043831e3b179}.Debug|Any CPU.ActiveCfg = Debug|Any CPU
		{8c788da5-617c-6d30-3366-043831e3b179}.Debug|Any CPU.Build.0 = Debug|Any CPU
		{04e70adb-8e28-c153-cdbc-25587fd08494}.Debug|Any CPU.ActiveCfg = Debug|Any CPU
		{04e70adb-8e28-c153-cdbc-25587fd08494}.Debug|Any CPU.Build.0 = Debug|Any CPU
	EndGlobalSection
	GlobalSection(SolutionProperties) = preSolution
		HideSolutionNode = FALSE
	EndGlobalSection
EndGlobal
