
Microsoft Visual Studio Solution File, Format Version 11.00
# Visual Studio 2010
Project("{FAE04EC0-301F-11D3-BF4B-00C04F79EFBC}") = "Assembly-CSharp", "Assembly-CSharp.csproj", "{08af416e-bbbe-724e-c6aa-1cf2f679b5ae}"
EndProject
Project("{FAE04EC0-301F-11D3-BF4B-00C04F79EFBC}") = "SteamVR", "SteamVR.csproj", "{f75a09a3-765d-5e7e-5edd-ce6534999fa4}"
EndProject
Project("{FAE04EC0-301F-11D3-BF4B-00C04F79EFBC}") = "Assembly-CSharp-firstpass", "Assembly-CSharp-firstpass.csproj", "{db5d7726-a76c-f296-72a4-cd4f16e2e1fb}"
EndProject
Project("{FAE04EC0-301F-11D3-BF4B-00C04F79EFBC}") = "BakeryRuntimeAssembly", "BakeryRuntimeAssembly.csproj", "{2abcd7b4-3d28-cd8c-4267-73c44edc5917}"
EndProject
Project("{FAE04EC0-301F-11D3-BF4B-00C04F79EFBC}") = "SteamVR_Actions", "SteamVR_Actions.csproj", "{c590356d-17d3-1803-2870-0b94b527676f}"
EndProject
Project("{FAE04EC0-301F-11D3-BF4B-00C04F79EFBC}") = "Assembly-CSharp-Editor-firstpass", "Assembly-CSharp-Editor-firstpass.csproj", "{6a99685e-2c32-51ea-a2eb-04dc99a0bf91}"
EndProject
Project("{FAE04EC0-301F-11D3-BF4B-00C04F79EFBC}") = "Assembly-CSharp-Editor", "Assembly-CSharp-Editor.csproj", "{ea18a06f-feaa-8c55-1971-5770a6387927}"
EndProject
Project("{FAE04EC0-301F-11D3-BF4B-00C04F79EFBC}") = "SteamVR_Editor", "SteamVR_Editor.csproj", "{cafa73e4-70b7-dd4e-31dd-e03f0b8795f4}"
EndProject
Project("{FAE04EC0-301F-11D3-BF4B-00C04F79EFBC}") = "BakeryEditorAssembly", "BakeryEditorAssembly.csproj", "{6c57fe2a-1d8e-2134-692e-34d77eb0d8a0}"
EndProject
Project("{FAE04EC0-301F-11D3-BF4B-00C04F79EFBC}") = "SteamVR_Input_Editor", "SteamVR_Input_Editor.csproj", "{e8b61602-3c6c-113d-89c1-736cb5b63500}"
EndProject
Project("{FAE04EC0-301F-11D3-BF4B-00C04F79EFBC}") = "SteamVR_Windows_EditorHelper", "SteamVR_Windows_EditorHelper.csproj", "{a4f5c27f-e2b9-faf9-1e93-8a628a5030a4}"
EndProject
Global
	GlobalSection(SolutionConfigurationPlatforms) = preSolution
		Debug|Any CPU = Debug|Any CPU
	EndGlobalSection
	GlobalSection(ProjectConfigurationPlatforms) = postSolution
		{08af416e-bbbe-724e-c6aa-1cf2f679b5ae}.Debug|Any CPU.ActiveCfg = Debug|Any CPU
		{08af416e-bbbe-724e-c6aa-1cf2f679b5ae}.Debug|Any CPU.Build.0 = Debug|Any CPU
		{f75a09a3-765d-5e7e-5edd-ce6534999fa4}.Debug|Any CPU.ActiveCfg = Debug|Any CPU
		{f75a09a3-765d-5e7e-5edd-ce6534999fa4}.Debug|Any CPU.Build.0 = Debug|Any CPU
		{db5d7726-a76c-f296-72a4-cd4f16e2e1fb}.Debug|Any CPU.ActiveCfg = Debug|Any CPU
		{db5d7726-a76c-f296-72a4-cd4f16e2e1fb}.Debug|Any CPU.Build.0 = Debug|Any CPU
		{2abcd7b4-3d28-cd8c-4267-73c44edc5917}.Debug|Any CPU.ActiveCfg = Debug|Any CPU
		{2abcd7b4-3d28-cd8c-4267-73c44edc5917}.Debug|Any CPU.Build.0 = Debug|Any CPU
		{c590356d-17d3-1803-2870-0b94b527676f}.Debug|Any CPU.ActiveCfg = Debug|Any CPU
		{c590356d-17d3-1803-2870-0b94b527676f}.Debug|Any CPU.Build.0 = Debug|Any CPU
		{6a99685e-2c32-51ea-a2eb-04dc99a0bf91}.Debug|Any CPU.ActiveCfg = Debug|Any CPU
		{6a99685e-2c32-51ea-a2eb-04dc99a0bf91}.Debug|Any CPU.Build.0 = Debug|Any CPU
		{ea18a06f-feaa-8c55-1971-5770a6387927}.Debug|Any CPU.ActiveCfg = Debug|Any CPU
		{ea18a06f-feaa-8c55-1971-5770a6387927}.Debug|Any CPU.Build.0 = Debug|Any CPU
		{cafa73e4-70b7-dd4e-31dd-e03f0b8795f4}.Debug|Any CPU.ActiveCfg = Debug|Any CPU
		{cafa73e4-70b7-dd4e-31dd-e03f0b8795f4}.Debug|Any CPU.Build.0 = Debug|Any CPU
		{6c57fe2a-1d8e-2134-692e-34d77eb0d8a0}.Debug|Any CPU.ActiveCfg = Debug|Any CPU
		{6c57fe2a-1d8e-2134-692e-34d77eb0d8a0}.Debug|Any CPU.Build.0 = Debug|Any CPU
		{e8b61602-3c6c-113d-89c1-736cb5b63500}.Debug|Any CPU.ActiveCfg = Debug|Any CPU
		{e8b61602-3c6c-113d-89c1-736cb5b63500}.Debug|Any CPU.Build.0 = Debug|Any CPU
		{a4f5c27f-e2b9-faf9-1e93-8a628a5030a4}.Debug|Any CPU.ActiveCfg = Debug|Any CPU
		{a4f5c27f-e2b9-faf9-1e93-8a628a5030a4}.Debug|Any CPU.Build.0 = Debug|Any CPU
	EndGlobalSection
	GlobalSection(SolutionProperties) = preSolution
		HideSolutionNode = FALSE
	EndGlobalSection
EndGlobal
